PODS:
  - Alamofire (3.3.0)
  - GGLInstanceID (1.1.6)
  - Google/CloudMessaging (2.0.3):
    - GGLInstanceID (~> 1.0)
    - Google/Core
    - GoogleCloudMessaging (~> 1.0)
  - Google/Core (2.0.3):
    - GoogleInterchangeUtilities (~> 1.0)
    - GoogleNetworkingUtilities (~> 1.0)
    - GoogleSymbolUtilities (~> 1.0)
    - GoogleUtilities (~> 1.1)
  - GoogleCloudMessaging (1.2.0):
    - GoogleInterchangeUtilities (~> 1.0)
    - GoogleIPhoneUtilities (~> 1.0)
    - GoogleSymbolUtilities (~> 1.0)
  - GoogleInterchangeUtilities (1.2.0):
    - GoogleSymbolUtilities (~> 1.0)
  - GoogleIPhoneUtilities (1.2.0):
    - GoogleSymbolUtilities (~> 1.0)
    - GoogleUtilities (~> 1.0)
  - GoogleNetworkingUtilities (1.2.0):
    - GoogleSymbolUtilities (~> 1.0)
  - GoogleSymbolUtilities (1.1.0)
  - GoogleUtilities (1.2.0):
    - GoogleSymbolUtilities (~> 1.0)
  - RandomColorSwift (0.1.0)
  - SQLite.swift (0.9.2)

DEPENDENCIES:
  - Alamofire (~> 3.3.0)
  - Google/CloudMessaging
  - RandomColorSwift
  - SQLite.swift (~> 0.9.2)

SPEC CHECKSUMS:
  Alamofire: 9054db4a1b1ca9e363223183e01cea380159a27c
  GGLInstanceID: f92465924a9b8a48f712829d22e223653ab8dc72
  Google: 61379f0072bc561a7e174d23a6cbe41bd6d8599c
  GoogleCloudMessaging: f37ea14dd0f41d4d889c10b5559dd35bbfd9ac26
  GoogleInterchangeUtilities: 427382e42d8a340038bec37c6fdfd316e14b5fa2
  GoogleIPhoneUtilities: 1c2996078f079d2fc54453dbd13eaf5523666550
  GoogleNetworkingUtilities: ec1e9911aca811eb18b7144394fee6168b607785
  GoogleSymbolUtilities: eb3965ea12710569c7b80db198a39e39b18613f7
  GoogleUtilities: 85f8ad6b251544286a97163133d042ec95f889c5
  RandomColorSwift: b2e95d6d3670def6d2f907ec7b7041138b268ac9
  SQLite.swift: 5dca22dbf6634fdb9c3270fae9491830804e9b2d

COCOAPODS: 0.39.0
